{
  "version": 4,
  "terraform_version": "1.7.5",
  "serial": 44,
  "lineage": "1cbb2555-862b-d651-090c-3d87794d64b7",
  "outputs": {},
  "resources": [
    {
      "module": "module.vpc",
      "mode": "managed",
      "type": "aws_vpc",
      "name": "main",
      "provider": "provider[\"registry.terraform.io/hashicorp/aws\"]",
      "instances": [
        {
          "schema_version": 1,
          "attributes": {
            "arn": "arn:aws:ec2:ap-south-1:341920718173:vpc/vpc-0c5e2308c50880418",
            "assign_generated_ipv6_cidr_block": false,
            "cidr_block": "10.0.0.0/16",
            "default_network_acl_id": "acl-031c4bcd4bae88f23",
            "default_route_table_id": "rtb-078ae30ec7add68f4",
            "default_security_group_id": "sg-07a2d4b658bcecfa9",
            "dhcp_options_id": "dopt-0429f59609ad1a286",
            "enable_dns_hostnames": true,
            "enable_dns_support": true,
            "enable_network_address_usage_metrics": false,
            "id": "vpc-0c5e2308c50880418",
            "instance_tenancy": "default",
            "ipv4_ipam_pool_id": null,
            "ipv4_netmask_length": null,
            "ipv6_association_id": "",
            "ipv6_cidr_block": "",
            "ipv6_cidr_block_network_border_group": "",
            "ipv6_ipam_pool_id": "",
            "ipv6_netmask_length": 0,
            "main_route_table_id": "rtb-078ae30ec7add68f4",
            "owner_id": "341920718173",
            "tags": {
              "Environment": "dev",
              "Name": "mlops-cluster-vpc"
            },
            "tags_all": {
              "Environment": "dev",
              "Name": "mlops-cluster-vpc"
            }
          },
          "sensitive_attributes": [],
          "private": "eyJzY2hlbWFfdmVyc2lvbiI6IjEifQ=="
        }
      ]
    }
  ],
  "check_results": null
}
